
Microsoft Visual Studio Solution File, Format Version 12.00
# Visual Studio 15
VisualStudioVersion = 15.0.28010.2041
MinimumVisualStudioVersion = 10.0.40219.1
Project("{151D2E53-A2C4-4D7D-83FE-D05416EBD58E}") = "FE-DEV", "FE-DEV\FE-DEV.deployproj", "{DD8BE5D5-40AF-4E37-81D7-7DEC8B248495}"
EndProject
Global
	GlobalSection(SolutionConfigurationPlatforms) = preSolution
		Debug|Any CPU = Debug|Any CPU
		Release|Any CPU = Release|Any CPU
	EndGlobalSection
	GlobalSection(ProjectConfigurationPlatforms) = postSolution
		{DD8BE5D5-40AF-4E37-81D7-7DEC8B248495}.Debug|Any CPU.ActiveCfg = Debug|Any CPU
		{DD8BE5D5-40AF-4E37-81D7-7DEC8B248495}.Debug|Any CPU.Build.0 = Debug|Any CPU
		{DD8BE5D5-40AF-4E37-81D7-7DEC8B248495}.Release|Any CPU.ActiveCfg = Release|Any CPU
		{DD8BE5D5-40AF-4E37-81D7-7DEC8B248495}.Release|Any CPU.Build.0 = Release|Any CPU
	EndGlobalSection
	GlobalSection(SolutionProperties) = preSolution
		HideSolutionNode = FALSE
	EndGlobalSection
	GlobalSection(ExtensibilityGlobals) = postSolution
		SolutionGuid = {F2ECC261-A75C-45FE-8499-9400C2EE6A5C}
	EndGlobalSection
EndGlobal
